
Microsoft Visual Studio Solution File, Format Version 12.00
# Visual Studio Version 17
VisualStudioVersion = 17.7.34024.191
MinimumVisualStudioVersion = 10.0.40219.1
Project("{FAE04EC0-301F-11D3-BF4B-00C04F79EFBC}") = "YoavDiscordClient", "YoavDiscordClient\YoavDiscordClient.csproj", "{74CC1BA4-DFA7-4EF9-A63D-895E5814EF21}"
EndProject
Global
	GlobalSection(SolutionConfigurationPlatforms) = preSolution
		Debug|Any CPU = Debug|Any CPU
		Release|Any CPU = Release|Any CPU
	EndGlobalSection
	GlobalSection(ProjectConfigurationPlatforms) = postSolution
		{74CC1BA4-DFA7-4EF9-A63D-895E5814EF21}.Debug|Any CPU.ActiveCfg = Debug|Any CPU
		{74CC1BA4-DFA7-4EF9-A63D-895E5814EF21}.Debug|Any CPU.Build.0 = Debug|Any CPU
		{74CC1BA4-DFA7-4EF9-A63D-895E5814EF21}.Release|Any CPU.ActiveCfg = Release|Any CPU
		{74CC1BA4-DFA7-4EF9-A63D-895E5814EF21}.Release|Any CPU.Build.0 = Release|Any CPU
	EndGlobalSection
	GlobalSection(SolutionProperties) = preSolution
		HideSolutionNode = FALSE
	EndGlobalSection
	GlobalSection(ExtensibilityGlobals) = postSolution
		SolutionGuid = {F37D5AF4-3B98-4FA2-B4F9-25BF09B0AF0D}
	EndGlobalSection
EndGlobal
